
Microsoft Visual Studio Solution File, Format Version 12.00
# Visual Studio Version 17
VisualStudioVersion = 17.0.31903.59
MinimumVisualStudioVersion = 10.0.40219.1
Project("{FAE04EC0-301F-11D3-BF4B-00C04F79EFBC}") = "HelloWorld", "HelloWorld\HelloWorld.csproj", "{5C1D2594-7DEE-42D9-8F60-38EA55FEF83A}"
EndProject
Global
	GlobalSection(SolutionConfigurationPlatforms) = preSolution
		Debug|Any CPU = Debug|Any CPU
		Release|Any CPU = Release|Any CPU
	EndGlobalSection
	GlobalSection(ProjectConfigurationPlatforms) = postSolution
		{5C1D2594-7DEE-42D9-8F60-38EA55FEF83A}.Debug|Any CPU.ActiveCfg = Debug|Any CPU
		{5C1D2594-7DEE-42D9-8F60-38EA55FEF83A}.Debug|Any CPU.Build.0 = Debug|Any CPU
		{5C1D2594-7DEE-42D9-8F60-38EA55FEF83A}.Release|Any CPU.ActiveCfg = Release|Any CPU
		{5C1D2594-7DEE-42D9-8F60-38EA55FEF83A}.Release|Any CPU.Build.0 = Release|Any CPU
	EndGlobalSection
	GlobalSection(SolutionProperties) = preSolution
		HideSolutionNode = FALSE
	EndGlobalSection
	GlobalSection(ExtensibilityGlobals) = postSolution
		SolutionGuid = {7AB7BB78-5A4E-489D-A53F-A30E0A02F11B}
	EndGlobalSection
EndGlobal
