
Microsoft Visual Studio Solution File, Format Version 12.00
# Visual Studio Version 17
VisualStudioVersion = 17.0.31903.59
MinimumVisualStudioVersion = 10.0.40219.1
Project("{FAE04EC0-301F-11D3-BF4B-00C04F79EFBC}") = "HelloRazor", "HelloRazor\HelloRazor.csproj", "{EA183045-88E8-4580-A8BC-0D7C5C43AC8B}"
EndProject
Global
	GlobalSection(SolutionConfigurationPlatforms) = preSolution
		Debug|Any CPU = Debug|Any CPU
		Release|Any CPU = Release|Any CPU
	EndGlobalSection
	GlobalSection(ProjectConfigurationPlatforms) = postSolution
		{EA183045-88E8-4580-A8BC-0D7C5C43AC8B}.Debug|Any CPU.ActiveCfg = Debug|Any CPU
		{EA183045-88E8-4580-A8BC-0D7C5C43AC8B}.Debug|Any CPU.Build.0 = Debug|Any CPU
		{EA183045-88E8-4580-A8BC-0D7C5C43AC8B}.Release|Any CPU.ActiveCfg = Release|Any CPU
		{EA183045-88E8-4580-A8BC-0D7C5C43AC8B}.Release|Any CPU.Build.0 = Release|Any CPU
	EndGlobalSection
	GlobalSection(SolutionProperties) = preSolution
		HideSolutionNode = FALSE
	EndGlobalSection
	GlobalSection(ExtensibilityGlobals) = postSolution
		SolutionGuid = {2522E28D-311A-422F-B1C2-B2A2E178EBDA}
	EndGlobalSection
EndGlobal
