
Microsoft Visual Studio Solution File, Format Version 12.00
# Visual Studio Version 17
VisualStudioVersion = 17.0.31903.59
MinimumVisualStudioVersion = 10.0.40219.1
Project("{FAE04EC0-301F-11D3-BF4B-00C04F79EFBC}") = "AutoModel", "AutoModel\AutoModel.csproj", "{C1122EB2-81A4-4129-85A5-745763868A58}"
EndProject
Global
	GlobalSection(SolutionConfigurationPlatforms) = preSolution
		Debug|Any CPU = Debug|Any CPU
		Release|Any CPU = Release|Any CPU
	EndGlobalSection
	GlobalSection(ProjectConfigurationPlatforms) = postSolution
		{C1122EB2-81A4-4129-85A5-745763868A58}.Debug|Any CPU.ActiveCfg = Debug|Any CPU
		{C1122EB2-81A4-4129-85A5-745763868A58}.Debug|Any CPU.Build.0 = Debug|Any CPU
		{C1122EB2-81A4-4129-85A5-745763868A58}.Release|Any CPU.ActiveCfg = Release|Any CPU
		{C1122EB2-81A4-4129-85A5-745763868A58}.Release|Any CPU.Build.0 = Release|Any CPU
	EndGlobalSection
	GlobalSection(SolutionProperties) = preSolution
		HideSolutionNode = FALSE
	EndGlobalSection
	GlobalSection(ExtensibilityGlobals) = postSolution
		SolutionGuid = {DDD54638-623C-4AC3-9BD3-938D3E87676B}
	EndGlobalSection
EndGlobal
