
Microsoft Visual Studio Solution File, Format Version 12.00
# Visual Studio Version 17
VisualStudioVersion = 17.1.32228.430
MinimumVisualStudioVersion = 10.0.40219.1
Project("{FAE04EC0-301F-11D3-BF4B-00C04F79EFBC}") = "MonitorApp", "MonitorApp\MonitorApp.csproj", "{EED950CA-CD7D-4633-B168-724D3335FF8D}"
EndProject
Global
	GlobalSection(SolutionConfigurationPlatforms) = preSolution
		Debug|Any CPU = Debug|Any CPU
		Release|Any CPU = Release|Any CPU
	EndGlobalSection
	GlobalSection(ProjectConfigurationPlatforms) = postSolution
		{EED950CA-CD7D-4633-B168-724D3335FF8D}.Debug|Any CPU.ActiveCfg = Debug|Any CPU
		{EED950CA-CD7D-4633-B168-724D3335FF8D}.Debug|Any CPU.Build.0 = Debug|Any CPU
		{EED950CA-CD7D-4633-B168-724D3335FF8D}.Release|Any CPU.ActiveCfg = Release|Any CPU
		{EED950CA-CD7D-4633-B168-724D3335FF8D}.Release|Any CPU.Build.0 = Release|Any CPU
	EndGlobalSection
	GlobalSection(SolutionProperties) = preSolution
		HideSolutionNode = FALSE
	EndGlobalSection
	GlobalSection(ExtensibilityGlobals) = postSolution
		SolutionGuid = {449D64CC-5E5A-4574-B544-A3FD5EA35973}
	EndGlobalSection
EndGlobal
