
Microsoft Visual Studio Solution File, Format Version 12.00
# Visual Studio Version 17
VisualStudioVersion = 17.0.31903.59
MinimumVisualStudioVersion = 10.0.40219.1
Project("{9A19103F-16F7-4668-BE54-9A1E7A4F7556}") = "TrainingCourses", "TrainingCourses.csproj", "{77CCA4C8-3B31-4EBB-8A0B-92CA20BA8B5F}"
EndProject
Global
	GlobalSection(SolutionConfigurationPlatforms) = preSolution
		Debug|Any CPU = Debug|Any CPU
		Release|Any CPU = Release|Any CPU
	EndGlobalSection
	GlobalSection(ProjectConfigurationPlatforms) = postSolution
		{77CCA4C8-3B31-4EBB-8A0B-92CA20BA8B5F}.Debug|Any CPU.ActiveCfg = Debug|Any CPU
		{77CCA4C8-3B31-4EBB-8A0B-92CA20BA8B5F}.Debug|Any CPU.Build.0 = Debug|Any CPU
		{77CCA4C8-3B31-4EBB-8A0B-92CA20BA8B5F}.Release|Any CPU.ActiveCfg = Release|Any CPU
		{77CCA4C8-3B31-4EBB-8A0B-92CA20BA8B5F}.Release|Any CPU.Build.0 = Release|Any CPU
	EndGlobalSection
	GlobalSection(SolutionProperties) = preSolution
		HideSolutionNode = FALSE
	EndGlobalSection
	GlobalSection(ExtensibilityGlobals) = postSolution
		SolutionGuid = {4610302B-15D1-4A84-B44F-8C65F7066A5E}
	EndGlobalSection
EndGlobal
