
Microsoft Visual Studio Solution File, Format Version 12.00
# Visual Studio Version 17
VisualStudioVersion = 17.0.31903.59
MinimumVisualStudioVersion = 10.0.40219.1
Project("{FAE04EC0-301F-11D3-BF4B-00C04F79EFBC}") = "AjaxForm", "AjaxForm\AjaxForm.csproj", "{94B966CB-5722-486A-9C67-E07369A7C6DF}"
EndProject
Global
	GlobalSection(SolutionConfigurationPlatforms) = preSolution
		Debug|Any CPU = Debug|Any CPU
		Release|Any CPU = Release|Any CPU
	EndGlobalSection
	GlobalSection(ProjectConfigurationPlatforms) = postSolution
		{94B966CB-5722-486A-9C67-E07369A7C6DF}.Debug|Any CPU.ActiveCfg = Debug|Any CPU
		{94B966CB-5722-486A-9C67-E07369A7C6DF}.Debug|Any CPU.Build.0 = Debug|Any CPU
		{94B966CB-5722-486A-9C67-E07369A7C6DF}.Release|Any CPU.ActiveCfg = Release|Any CPU
		{94B966CB-5722-486A-9C67-E07369A7C6DF}.Release|Any CPU.Build.0 = Release|Any CPU
	EndGlobalSection
	GlobalSection(SolutionProperties) = preSolution
		HideSolutionNode = FALSE
	EndGlobalSection
	GlobalSection(ExtensibilityGlobals) = postSolution
		SolutionGuid = {D6A54EDE-14AA-4314-97D9-FBAB9C1B9C17}
	EndGlobalSection
EndGlobal
